// !$*UTF8*$!
{
	archiveVersion = 1;
	classes = {
	};
	objectVersion = 46;
	objects = {

/* Begin PBXBuildFile section */
		3026FBFE26B354133D0B16F5 /* Pods_TwitSplitApp.framework in Frameworks */ = {isa = PBXBuildFile; fileRef = CFC90A62637FDFBB1C28B478 /* Pods_TwitSplitApp.framework */; };
		BA29FBF8FF75FAD703719E51 /* Pods_TwitSplitAppTests.framework in Frameworks */ = {isa = PBXBuildFile; fileRef = 66DCF6E6440283E1268547FE /* Pods_TwitSplitAppTests.framework */; };
		D210E4381F57E2C1006B487C /* Int+Shortcuts.swift in Sources */ = {isa = PBXBuildFile; fileRef = D210E4371F57E2C1006B487C /* Int+Shortcuts.swift */; };
		D256212E1F58FCD3007E23DA /* ButtonExtension.swift in Sources */ = {isa = PBXBuildFile; fileRef = D256212D1F58FCD3007E23DA /* ButtonExtension.swift */; };
		D2677A471F5673A500F6F1D9 /* AppDelegate.swift in Sources */ = {isa = PBXBuildFile; fileRef = D2677A461F5673A500F6F1D9 /* AppDelegate.swift */; };
		D2677A491F5673A500F6F1D9 /* ViewController.swift in Sources */ = {isa = PBXBuildFile; fileRef = D2677A481F5673A500F6F1D9 /* ViewController.swift */; };
		D2677A4C1F5673A500F6F1D9 /* Main.storyboard in Resources */ = {isa = PBXBuildFile; fileRef = D2677A4A1F5673A500F6F1D9 /* Main.storyboard */; };
		D2677A4E1F5673A500F6F1D9 /* Assets.xcassets in Resources */ = {isa = PBXBuildFile; fileRef = D2677A4D1F5673A500F6F1D9 /* Assets.xcassets */; };
		D2677A511F5673A500F6F1D9 /* LaunchScreen.storyboard in Resources */ = {isa = PBXBuildFile; fileRef = D2677A4F1F5673A500F6F1D9 /* LaunchScreen.storyboard */; };
		D2677A5C1F5673A500F6F1D9 /* TwitSplitAppTests.swift in Sources */ = {isa = PBXBuildFile; fileRef = D2677A5B1F5673A500F6F1D9 /* TwitSplitAppTests.swift */; };
		D2677A671F56808700F6F1D9 /* Twitter.plist in Resources */ = {isa = PBXBuildFile; fileRef = D2677A661F56808700F6F1D9 /* Twitter.plist */; };
		D2677A691F569A1000F6F1D9 /* ComposeViewController.swift in Sources */ = {isa = PBXBuildFile; fileRef = D2677A681F569A1000F6F1D9 /* ComposeViewController.swift */; };
		D2677A6B1F56DEAB00F6F1D9 /* Contants.swift in Sources */ = {isa = PBXBuildFile; fileRef = D2677A6A1F56DEAB00F6F1D9 /* Contants.swift */; };
		D2677A6D1F56E03F00F6F1D9 /* String+Shortcuts.swift in Sources */ = {isa = PBXBuildFile; fileRef = D2677A6C1F56E03F00F6F1D9 /* String+Shortcuts.swift */; };
		D2BCDEFD1F585C4000C77CE4 /* PlaceholderTextView.swift in Sources */ = {isa = PBXBuildFile; fileRef = D2BCDEFC1F585C4000C77CE4 /* PlaceholderTextView.swift */; };
		D2BCDF041F58683900C77CE4 /* Localizable.strings in Resources */ = {isa = PBXBuildFile; fileRef = D2BCDF021F58683900C77CE4 /* Localizable.strings */; };
/* End PBXBuildFile section */

/* Begin PBXContainerItemProxy section */
		D2677A581F5673A500F6F1D9 /* PBXContainerItemProxy */ = {
			isa = PBXContainerItemProxy;
			containerPortal = D2677A3B1F5673A500F6F1D9 /* Project object */;
			proxyType = 1;
			remoteGlobalIDString = D2677A421F5673A500F6F1D9;
			remoteInfo = TwitSplitApp;
		};
/* End PBXContainerItemProxy section */

/* Begin PBXFileReference section */
		5D7432A1058EABB5F6479874 /* Pods-TwitSplitAppTests.release.xcconfig */ = {isa = PBXFileReference; includeInIndex = 1; lastKnownFileType = text.xcconfig; name = "Pods-TwitSplitAppTests.release.xcconfig"; path = "Pods/Target Support Files/Pods-TwitSplitAppTests/Pods-TwitSplitAppTests.release.xcconfig"; sourceTree = "<group>"; };
		604EEB1E5A61C37EB79165E1 /* Pods-TwitSplitApp.release.xcconfig */ = {isa = PBXFileReference; includeInIndex = 1; lastKnownFileType = text.xcconfig; name = "Pods-TwitSplitApp.release.xcconfig"; path = "Pods/Target Support Files/Pods-TwitSplitApp/Pods-TwitSplitApp.release.xcconfig"; sourceTree = "<group>"; };
		66DCF6E6440283E1268547FE /* Pods_TwitSplitAppTests.framework */ = {isa = PBXFileReference; explicitFileType = wrapper.framework; includeInIndex = 0; path = Pods_TwitSplitAppTests.framework; sourceTree = BUILT_PRODUCTS_DIR; };
		795A5568538269B7FDA6576E /* Pods-TwitSplitAppTests.debug.xcconfig */ = {isa = PBXFileReference; includeInIndex = 1; lastKnownFileType = text.xcconfig; name = "Pods-TwitSplitAppTests.debug.xcconfig"; path = "Pods/Target Support Files/Pods-TwitSplitAppTests/Pods-TwitSplitAppTests.debug.xcconfig"; sourceTree = "<group>"; };
		A49043F9E156B131F49F3E22 /* Pods-TwitSplitApp.debug.xcconfig */ = {isa = PBXFileReference; includeInIndex = 1; lastKnownFileType = text.xcconfig; name = "Pods-TwitSplitApp.debug.xcconfig"; path = "Pods/Target Support Files/Pods-TwitSplitApp/Pods-TwitSplitApp.debug.xcconfig"; sourceTree = "<group>"; };
		CFC90A62637FDFBB1C28B478 /* Pods_TwitSplitApp.framework */ = {isa = PBXFileReference; explicitFileType = wrapper.framework; includeInIndex = 0; path = Pods_TwitSplitApp.framework; sourceTree = BUILT_PRODUCTS_DIR; };
		D210E4371F57E2C1006B487C /* Int+Shortcuts.swift */ = {isa = PBXFileReference; fileEncoding = 4; lastKnownFileType = sourcecode.swift; path = "Int+Shortcuts.swift"; sourceTree = "<group>"; };
		D256212D1F58FCD3007E23DA /* ButtonExtension.swift */ = {isa = PBXFileReference; fileEncoding = 4; lastKnownFileType = sourcecode.swift; path = ButtonExtension.swift; sourceTree = "<group>"; };
		D2677A431F5673A500F6F1D9 /* TwitSplitApp.app */ = {isa = PBXFileReference; explicitFileType = wrapper.application; includeInIndex = 0; path = TwitSplitApp.app; sourceTree = BUILT_PRODUCTS_DIR; };
		D2677A461F5673A500F6F1D9 /* AppDelegate.swift */ = {isa = PBXFileReference; lastKnownFileType = sourcecode.swift; path = AppDelegate.swift; sourceTree = "<group>"; };
		D2677A481F5673A500F6F1D9 /* ViewController.swift */ = {isa = PBXFileReference; lastKnownFileType = sourcecode.swift; path = ViewController.swift; sourceTree = "<group>"; };
		D2677A4B1F5673A500F6F1D9 /* Base */ = {isa = PBXFileReference; lastKnownFileType = file.storyboard; name = Base; path = Base.lproj/Main.storyboard; sourceTree = "<group>"; };
		D2677A4D1F5673A500F6F1D9 /* Assets.xcassets */ = {isa = PBXFileReference; lastKnownFileType = folder.assetcatalog; path = Assets.xcassets; sourceTree = "<group>"; };
		D2677A501F5673A500F6F1D9 /* Base */ = {isa = PBXFileReference; lastKnownFileType = file.storyboard; name = Base; path = Base.lproj/LaunchScreen.storyboard; sourceTree = "<group>"; };
		D2677A521F5673A500F6F1D9 /* Info.plist */ = {isa = PBXFileReference; lastKnownFileType = text.plist.xml; path = Info.plist; sourceTree = "<group>"; };
		D2677A571F5673A500F6F1D9 /* TwitSplitAppTests.xctest */ = {isa = PBXFileReference; explicitFileType = wrapper.cfbundle; includeInIndex = 0; path = TwitSplitAppTests.xctest; sourceTree = BUILT_PRODUCTS_DIR; };
		D2677A5B1F5673A500F6F1D9 /* TwitSplitAppTests.swift */ = {isa = PBXFileReference; lastKnownFileType = sourcecode.swift; path = TwitSplitAppTests.swift; sourceTree = "<group>"; };
		D2677A5D1F5673A500F6F1D9 /* Info.plist */ = {isa = PBXFileReference; lastKnownFileType = text.plist.xml; path = Info.plist; sourceTree = "<group>"; };
		D2677A661F56808700F6F1D9 /* Twitter.plist */ = {isa = PBXFileReference; fileEncoding = 4; lastKnownFileType = text.plist.xml; path = Twitter.plist; sourceTree = "<group>"; };
		D2677A681F569A1000F6F1D9 /* ComposeViewController.swift */ = {isa = PBXFileReference; fileEncoding = 4; lastKnownFileType = sourcecode.swift; path = ComposeViewController.swift; sourceTree = "<group>"; };
		D2677A6A1F56DEAB00F6F1D9 /* Contants.swift */ = {isa = PBXFileReference; fileEncoding = 4; lastKnownFileType = sourcecode.swift; path = Contants.swift; sourceTree = "<group>"; };
		D2677A6C1F56E03F00F6F1D9 /* String+Shortcuts.swift */ = {isa = PBXFileReference; fileEncoding = 4; lastKnownFileType = sourcecode.swift; path = "String+Shortcuts.swift"; sourceTree = "<group>"; };
		D2BCDEFC1F585C4000C77CE4 /* PlaceholderTextView.swift */ = {isa = PBXFileReference; fileEncoding = 4; lastKnownFileType = sourcecode.swift; path = PlaceholderTextView.swift; sourceTree = "<group>"; };
		D2BCDF031F58683900C77CE4 /* Base */ = {isa = PBXFileReference; lastKnownFileType = text.plist.strings; name = Base; path = Base.lproj/Localizable.strings; sourceTree = "<group>"; };
/* End PBXFileReference section */

/* Begin PBXFrameworksBuildPhase section */
		D2677A401F5673A500F6F1D9 /* Frameworks */ = {
			isa = PBXFrameworksBuildPhase;
			buildActionMask = 2147483647;
			files = (
				3026FBFE26B354133D0B16F5 /* Pods_TwitSplitApp.framework in Frameworks */,
			);
			runOnlyForDeploymentPostprocessing = 0;
		};
		D2677A541F5673A500F6F1D9 /* Frameworks */ = {
			isa = PBXFrameworksBuildPhase;
			buildActionMask = 2147483647;
			files = (
				BA29FBF8FF75FAD703719E51 /* Pods_TwitSplitAppTests.framework in Frameworks */,
			);
			runOnlyForDeploymentPostprocessing = 0;
		};
/* End PBXFrameworksBuildPhase section */

/* Begin PBXGroup section */
		360552359DB98104448F89D2 /* Frameworks */ = {
			isa = PBXGroup;
			children = (
				CFC90A62637FDFBB1C28B478 /* Pods_TwitSplitApp.framework */,
				66DCF6E6440283E1268547FE /* Pods_TwitSplitAppTests.framework */,
			);
			name = Frameworks;
			sourceTree = "<group>";
		};
		37EDE5CFD4628F3260F26E4F /* Pods */ = {
			isa = PBXGroup;
			children = (
				A49043F9E156B131F49F3E22 /* Pods-TwitSplitApp.debug.xcconfig */,
				604EEB1E5A61C37EB79165E1 /* Pods-TwitSplitApp.release.xcconfig */,
				795A5568538269B7FDA6576E /* Pods-TwitSplitAppTests.debug.xcconfig */,
				5D7432A1058EABB5F6479874 /* Pods-TwitSplitAppTests.release.xcconfig */,
			);
			name = Pods;
			sourceTree = "<group>";
		};
		D2677A3A1F5673A500F6F1D9 = {
			isa = PBXGroup;
			children = (
				D2677A451F5673A500F6F1D9 /* TwitSplitApp */,
				D2677A5A1F5673A500F6F1D9 /* TwitSplitAppTests */,
				D2677A441F5673A500F6F1D9 /* Products */,
				37EDE5CFD4628F3260F26E4F /* Pods */,
				360552359DB98104448F89D2 /* Frameworks */,
			);
			sourceTree = "<group>";
		};
		D2677A441F5673A500F6F1D9 /* Products */ = {
			isa = PBXGroup;
			children = (
				D2677A431F5673A500F6F1D9 /* TwitSplitApp.app */,
				D2677A571F5673A500F6F1D9 /* TwitSplitAppTests.xctest */,
			);
			name = Products;
			sourceTree = "<group>";
		};
		D2677A451F5673A500F6F1D9 /* TwitSplitApp */ = {
			isa = PBXGroup;
			children = (
				D2677A461F5673A500F6F1D9 /* AppDelegate.swift */,
				D2677A481F5673A500F6F1D9 /* ViewController.swift */,
				D2677A681F569A1000F6F1D9 /* ComposeViewController.swift */,
				D2677A4D1F5673A500F6F1D9 /* Assets.xcassets */,
				D2677A4A1F5673A500F6F1D9 /* Main.storyboard */,
				D2677A4F1F5673A500F6F1D9 /* LaunchScreen.storyboard */,
				D2677A521F5673A500F6F1D9 /* Info.plist */,
				D2677A661F56808700F6F1D9 /* Twitter.plist */,
				D2677A6A1F56DEAB00F6F1D9 /* Contants.swift */,
				D2677A6C1F56E03F00F6F1D9 /* String+Shortcuts.swift */,
				D210E4371F57E2C1006B487C /* Int+Shortcuts.swift */,
				D2BCDEFC1F585C4000C77CE4 /* PlaceholderTextView.swift */,
				D2BCDF021F58683900C77CE4 /* Localizable.strings */,
				D256212D1F58FCD3007E23DA /* ButtonExtension.swift */,
			);
			path = TwitSplitApp;
			sourceTree = "<group>";
		};
		D2677A5A1F5673A500F6F1D9 /* TwitSplitAppTests */ = {
			isa = PBXGroup;
			children = (
				D2677A5B1F5673A500F6F1D9 /* TwitSplitAppTests.swift */,
				D2677A5D1F5673A500F6F1D9 /* Info.plist */,
			);
			path = TwitSplitAppTests;
			sourceTree = "<group>";
		};
/* End PBXGroup section */

/* Begin PBXNativeTarget section */
		D2677A421F5673A500F6F1D9 /* TwitSplitApp */ = {
			isa = PBXNativeTarget;
			buildConfigurationList = D2677A601F5673A500F6F1D9 /* Build configuration list for PBXNativeTarget "TwitSplitApp" */;
			buildPhases = (
				61B83623539CA3726BBD4AFC /* [CP] Check Pods Manifest.lock */,
				D2677A3F1F5673A500F6F1D9 /* Sources */,
				D2677A401F5673A500F6F1D9 /* Frameworks */,
				D2677A411F5673A500F6F1D9 /* Resources */,
				A8B1C1F2FF7DF51D2D7438B4 /* [CP] Embed Pods Frameworks */,
				EBB4EFCD6D2C6609C9180807 /* [CP] Copy Pods Resources */,
			);
			buildRules = (
			);
			dependencies = (
			);
			name = TwitSplitApp;
			productName = TwitSplitApp;
			productReference = D2677A431F5673A500F6F1D9 /* TwitSplitApp.app */;
			productType = "com.apple.product-type.application";
		};
		D2677A561F5673A500F6F1D9 /* TwitSplitAppTests */ = {
			isa = PBXNativeTarget;
			buildConfigurationList = D2677A631F5673A500F6F1D9 /* Build configuration list for PBXNativeTarget "TwitSplitAppTests" */;
			buildPhases = (
				8154BB3C8A381A66E3445A21 /* [CP] Check Pods Manifest.lock */,
				D2677A531F5673A500F6F1D9 /* Sources */,
				D2677A541F5673A500F6F1D9 /* Frameworks */,
				D2677A551F5673A500F6F1D9 /* Resources */,
				B16ACE174C2B6E48FE3FDC37 /* [CP] Embed Pods Frameworks */,
				A820EA931D3344544FF13EE6 /* [CP] Copy Pods Resources */,
			);
			buildRules = (
			);
			dependencies = (
				D2677A591F5673A500F6F1D9 /* PBXTargetDependency */,
			);
			name = TwitSplitAppTests;
			productName = TwitSplitAppTests;
			productReference = D2677A571F5673A500F6F1D9 /* TwitSplitAppTests.xctest */;
			productType = "com.apple.product-type.bundle.unit-test";
		};
/* End PBXNativeTarget section */

/* Begin PBXProject section */
		D2677A3B1F5673A500F6F1D9 /* Project object */ = {
			isa = PBXProject;
			attributes = {
				LastSwiftUpdateCheck = 0830;
				LastUpgradeCheck = 0830;
				ORGANIZATIONNAME = "Mai Cong Uan";
				TargetAttributes = {
					D2677A421F5673A500F6F1D9 = {
						CreatedOnToolsVersion = 8.3.3;
						DevelopmentTeam = U2P69NR7Z3;
						ProvisioningStyle = Automatic;
					};
					D2677A561F5673A500F6F1D9 = {
						CreatedOnToolsVersion = 8.3.3;
						DevelopmentTeam = U2P69NR7Z3;
						ProvisioningStyle = Automatic;
						TestTargetID = D2677A421F5673A500F6F1D9;
					};
				};
			};
			buildConfigurationList = D2677A3E1F5673A500F6F1D9 /* Build configuration list for PBXProject "TwitSplitApp" */;
			compatibilityVersion = "Xcode 3.2";
			developmentRegion = English;
			hasScannedForEncodings = 0;
			knownRegions = (
				en,
				Base,
			);
			mainGroup = D2677A3A1F5673A500F6F1D9;
			productRefGroup = D2677A441F5673A500F6F1D9 /* Products */;
			projectDirPath = "";
			projectRoot = "";
			targets = (
				D2677A421F5673A500F6F1D9 /* TwitSplitApp */,
				D2677A561F5673A500F6F1D9 /* TwitSplitAppTests */,
			);
		};
/* End PBXProject section */

/* Begin PBXResourcesBuildPhase section */
		D2677A411F5673A500F6F1D9 /* Resources */ = {
			isa = PBXResourcesBuildPhase;
			buildActionMask = 2147483647;
			files = (
				D2677A511F5673A500F6F1D9 /* LaunchScreen.storyboard in Resources */,
				D2BCDF041F58683900C77CE4 /* Localizable.strings in Resources */,
				D2677A4E1F5673A500F6F1D9 /* Assets.xcassets in Resources */,
				D2677A671F56808700F6F1D9 /* Twitter.plist in Resources */,
				D2677A4C1F5673A500F6F1D9 /* Main.storyboard in Resources */,
			);
			runOnlyForDeploymentPostprocessing = 0;
		};
		D2677A551F5673A500F6F1D9 /* Resources */ = {
			isa = PBXResourcesBuildPhase;
			buildActionMask = 2147483647;
			files = (
			);
			runOnlyForDeploymentPostprocessing = 0;
		};
/* End PBXResourcesBuildPhase section */

/* Begin PBXShellScriptBuildPhase section */
		61B83623539CA3726BBD4AFC /* [CP] Check Pods Manifest.lock */ = {
			isa = PBXShellScriptBuildPhase;
			buildActionMask = 2147483647;
			files = (
			);
			inputPaths = (
				"${PODS_PODFILE_DIR_PATH}/Podfile.lock",
				"${PODS_ROOT}/Manifest.lock",
			);
			name = "[CP] Check Pods Manifest.lock";
			outputPaths = (
				"$(DERIVED_FILE_DIR)/Pods-TwitSplitApp-checkManifestLockResult.txt",
			);
			runOnlyForDeploymentPostprocessing = 0;
			shellPath = /bin/sh;
			shellScript = "diff \"${PODS_PODFILE_DIR_PATH}/Podfile.lock\" \"${PODS_ROOT}/Manifest.lock\" > /dev/null\nif [ $? != 0 ] ; then\n    # print error to STDERR\n    echo \"error: The sandbox is not in sync with the Podfile.lock. Run 'pod install' or update your CocoaPods installation.\" >&2\n    exit 1\nfi\n# This output is used by Xcode 'outputs' to avoid re-running this script phase.\necho \"SUCCESS\" > \"${SCRIPT_OUTPUT_FILE_0}\"\n";
			showEnvVarsInLog = 0;
		};
		8154BB3C8A381A66E3445A21 /* [CP] Check Pods Manifest.lock */ = {
			isa = PBXShellScriptBuildPhase;
			buildActionMask = 2147483647;
			files = (
			);
			inputPaths = (
				"${PODS_PODFILE_DIR_PATH}/Podfile.lock",
				"${PODS_ROOT}/Manifest.lock",
			);
			name = "[CP] Check Pods Manifest.lock";
			outputPaths = (
				"$(DERIVED_FILE_DIR)/Pods-TwitSplitAppTests-checkManifestLockResult.txt",
			);
			runOnlyForDeploymentPostprocessing = 0;
			shellPath = /bin/sh;
			shellScript = "diff \"${PODS_PODFILE_DIR_PATH}/Podfile.lock\" \"${PODS_ROOT}/Manifest.lock\" > /dev/null\nif [ $? != 0 ] ; then\n    # print error to STDERR\n    echo \"error: The sandbox is not in sync with the Podfile.lock. Run 'pod install' or update your CocoaPods installation.\" >&2\n    exit 1\nfi\n# This output is used by Xcode 'outputs' to avoid re-running this script phase.\necho \"SUCCESS\" > \"${SCRIPT_OUTPUT_FILE_0}\"\n";
			showEnvVarsInLog = 0;
		};
		A820EA931D3344544FF13EE6 /* [CP] Copy Pods Resources */ = {
			isa = PBXShellScriptBuildPhase;
			buildActionMask = 2147483647;
			files = (
			);
			inputPaths = (
			);
			name = "[CP] Copy Pods Resources";
			outputPaths = (
			);
			runOnlyForDeploymentPostprocessing = 0;
			shellPath = /bin/sh;
			shellScript = "\"${SRCROOT}/Pods/Target Support Files/Pods-TwitSplitAppTests/Pods-TwitSplitAppTests-resources.sh\"\n";
			showEnvVarsInLog = 0;
		};
		A8B1C1F2FF7DF51D2D7438B4 /* [CP] Embed Pods Frameworks */ = {
			isa = PBXShellScriptBuildPhase;
			buildActionMask = 2147483647;
			files = (
			);
			inputPaths = (
			);
			name = "[CP] Embed Pods Frameworks";
			outputPaths = (
			);
			runOnlyForDeploymentPostprocessing = 0;
			shellPath = /bin/sh;
			shellScript = "\"${SRCROOT}/Pods/Target Support Files/Pods-TwitSplitApp/Pods-TwitSplitApp-frameworks.sh\"\n";
			showEnvVarsInLog = 0;
		};
		B16ACE174C2B6E48FE3FDC37 /* [CP] Embed Pods Frameworks */ = {
			isa = PBXShellScriptBuildPhase;
			buildActionMask = 2147483647;
			files = (
			);
			inputPaths = (
			);
			name = "[CP] Embed Pods Frameworks";
			outputPaths = (
			);
			runOnlyForDeploymentPostprocessing = 0;
			shellPath = /bin/sh;
			shellScript = "\"${SRCROOT}/Pods/Target Support Files/Pods-TwitSplitAppTests/Pods-TwitSplitAppTests-frameworks.sh\"\n";
			showEnvVarsInLog = 0;
		};
		EBB4EFCD6D2C6609C9180807 /* [CP] Copy Pods Resources */ = {
			isa = PBXShellScriptBuildPhase;
			buildActionMask = 2147483647;
			files = (
			);
			inputPaths = (
				"${SRCROOT}/Pods/Target Support Files/Pods-TwitSplitApp/Pods-TwitSplitApp-resources.sh",
				"${PODS_ROOT}/TwitterKit/iOS/TwitterKit.framework/TwitterKitResources.bundle",
				"${PODS_ROOT}/TwitterKit/iOS/TwitterKit.framework/TwitterShareExtensionUIResources.bundle",
			);
			name = "[CP] Copy Pods Resources";
			outputPaths = (
				"${TARGET_BUILD_DIR}/${UNLOCALIZED_RESOURCES_FOLDER_PATH}",
			);
			runOnlyForDeploymentPostprocessing = 0;
			shellPath = /bin/sh;
			shellScript = "\"${SRCROOT}/Pods/Target Support Files/Pods-TwitSplitApp/Pods-TwitSplitApp-resources.sh\"\n";
			showEnvVarsInLog = 0;
		};
/* End PBXShellScriptBuildPhase section */

/* Begin PBXSourcesBuildPhase section */
		D2677A3F1F5673A500F6F1D9 /* Sources */ = {
			isa = PBXSourcesBuildPhase;
			buildActionMask = 2147483647;
			files = (
				D2677A691F569A1000F6F1D9 /* ComposeViewController.swift in Sources */,
				D256212E1F58FCD3007E23DA /* ButtonExtension.swift in Sources */,
				D2677A6D1F56E03F00F6F1D9 /* String+Shortcuts.swift in Sources */,
				D2677A491F5673A500F6F1D9 /* ViewController.swift in Sources */,
				D2677A471F5673A500F6F1D9 /* AppDelegate.swift in Sources */,
				D2677A6B1F56DEAB00F6F1D9 /* Contants.swift in Sources */,
				D210E4381F57E2C1006B487C /* Int+Shortcuts.swift in Sources */,
				D2BCDEFD1F585C4000C77CE4 /* PlaceholderTextView.swift in Sources */,
			);
			runOnlyForDeploymentPostprocessing = 0;
		};
		D2677A531F5673A500F6F1D9 /* Sources */ = {
			isa = PBXSourcesBuildPhase;
			buildActionMask = 2147483647;
			files = (
				D2677A5C1F5673A500F6F1D9 /* TwitSplitAppTests.swift in Sources */,
			);
			runOnlyForDeploymentPostprocessing = 0;
		};
/* End PBXSourcesBuildPhase section */

/* Begin PBXTargetDependency section */
		D2677A591F5673A500F6F1D9 /* PBXTargetDependency */ = {
			isa = PBXTargetDependency;
			target = D2677A421F5673A500F6F1D9 /* TwitSplitApp */;
			targetProxy = D2677A581F5673A500F6F1D9 /* PBXContainerItemProxy */;
		};
/* End PBXTargetDependency section */

/* Begin PBXVariantGroup section */
		D2677A4A1F5673A500F6F1D9 /* Main.storyboard */ = {
			isa = PBXVariantGroup;
			children = (
				D2677A4B1F5673A500F6F1D9 /* Base */,
			);
			name = Main.storyboard;
			sourceTree = "<group>";
		};
		D2677A4F1F5673A500F6F1D9 /* LaunchScreen.storyboard */ = {
			isa = PBXVariantGroup;
			children = (
				D2677A501F5673A500F6F1D9 /* Base */,
			);
			name = LaunchScreen.storyboard;
			sourceTree = "<group>";
		};
		D2BCDF021F58683900C77CE4 /* Localizable.strings */ = {
			isa = PBXVariantGroup;
			children = (
				D2BCDF031F58683900C77CE4 /* Base */,
			);
			name = Localizable.strings;
			sourceTree = "<group>";
		};
/* End PBXVariantGroup section */

/* Begin XCBuildConfiguration section */
		D2677A5E1F5673A500F6F1D9 /* Debug */ = {
			isa = XCBuildConfiguration;
			buildSettings = {
				ALWAYS_SEARCH_USER_PATHS = NO;
				CLANG_ANALYZER_NONNULL = YES;
				CLANG_ANALYZER_NUMBER_OBJECT_CONVERSION = YES_AGGRESSIVE;
				CLANG_CXX_LANGUAGE_STANDARD = "gnu++0x";
				CLANG_CXX_LIBRARY = "libc++";
				CLANG_ENABLE_MODULES = YES;
				CLANG_ENABLE_OBJC_ARC = YES;
				CLANG_WARN_BOOL_CONVERSION = YES;
				CLANG_WARN_CONSTANT_CONVERSION = YES;
				CLANG_WARN_DIRECT_OBJC_ISA_USAGE = YES_ERROR;
				CLANG_WARN_DOCUMENTATION_COMMENTS = YES;
				CLANG_WARN_EMPTY_BODY = YES;
				CLANG_WARN_ENUM_CONVERSION = YES;
				CLANG_WARN_INFINITE_RECURSION = YES;
				CLANG_WARN_INT_CONVERSION = YES;
				CLANG_WARN_OBJC_ROOT_CLASS = YES_ERROR;
				CLANG_WARN_SUSPICIOUS_MOVE = YES;
				CLANG_WARN_UNREACHABLE_CODE = YES;
				CLANG_WARN__DUPLICATE_METHOD_MATCH = YES;
				"CODE_SIGN_IDENTITY[sdk=iphoneos*]" = "iPhone Developer";
				COPY_PHASE_STRIP = NO;
				DEBUG_INFORMATION_FORMAT = dwarf;
				ENABLE_STRICT_OBJC_MSGSEND = YES;
				ENABLE_TESTABILITY = YES;
				GCC_C_LANGUAGE_STANDARD = gnu99;
				GCC_DYNAMIC_NO_PIC = NO;
				GCC_NO_COMMON_BLOCKS = YES;
				GCC_OPTIMIZATION_LEVEL = 0;
				GCC_PREPROCESSOR_DEFINITIONS = (
					"DEBUG=1",
					"$(inherited)",
				);
				GCC_WARN_64_TO_32_BIT_CONVERSION = YES;
				GCC_WARN_ABOUT_RETURN_TYPE = YES_ERROR;
				GCC_WARN_UNDECLARED_SELECTOR = YES;
				GCC_WARN_UNINITIALIZED_AUTOS = YES_AGGRESSIVE;
				GCC_WARN_UNUSED_FUNCTION = YES;
				GCC_WARN_UNUSED_VARIABLE = YES;
				IPHONEOS_DEPLOYMENT_TARGET = 10.3;
				MTL_ENABLE_DEBUG_INFO = YES;
				ONLY_ACTIVE_ARCH = YES;
				SDKROOT = iphoneos;
				SWIFT_ACTIVE_COMPILATION_CONDITIONS = DEBUG;
				SWIFT_OPTIMIZATION_LEVEL = "-Onone";
			};
			name = Debug;
		};
		D2677A5F1F5673A500F6F1D9 /* Release */ = {
			isa = XCBuildConfiguration;
			buildSettings = {
				ALWAYS_SEARCH_USER_PATHS = NO;
				CLANG_ANALYZER_NONNULL = YES;
				CLANG_ANALYZER_NUMBER_OBJECT_CONVERSION = YES_AGGRESSIVE;
				CLANG_CXX_LANGUAGE_STANDARD = "gnu++0x";
				CLANG_CXX_LIBRARY = "libc++";
				CLANG_ENABLE_MODULES = YES;
				CLANG_ENABLE_OBJC_ARC = YES;
				CLANG_WARN_BOOL_CONVERSION = YES;
				CLANG_WARN_CONSTANT_CONVERSION = YES;
				CLANG_WARN_DIRECT_OBJC_ISA_USAGE = YES_ERROR;
				CLANG_WARN_DOCUMENTATION_COMMENTS = YES;
				CLANG_WARN_EMPTY_BODY = YES;
				CLANG_WARN_ENUM_CONVERSION = YES;
				CLANG_WARN_INFINITE_RECURSION = YES;
				CLANG_WARN_INT_CONVERSION = YES;
				CLANG_WARN_OBJC_ROOT_CLASS = YES_ERROR;
				CLANG_WARN_SUSPICIOUS_MOVE = YES;
				CLANG_WARN_UNREACHABLE_CODE = YES;
				CLANG_WARN__DUPLICATE_METHOD_MATCH = YES;
				"CODE_SIGN_IDENTITY[sdk=iphoneos*]" = "iPhone Developer";
				COPY_PHASE_STRIP = NO;
				DEBUG_INFORMATION_FORMAT = "dwarf-with-dsym";
				ENABLE_NS_ASSERTIONS = NO;
				ENABLE_STRICT_OBJC_MSGSEND = YES;
				GCC_C_LANGUAGE_STANDARD = gnu99;
				GCC_NO_COMMON_BLOCKS = YES;
				GCC_WARN_64_TO_32_BIT_CONVERSION = YES;
				GCC_WARN_ABOUT_RETURN_TYPE = YES_ERROR;
				GCC_WARN_UNDECLARED_SELECTOR = YES;
				GCC_WARN_UNINITIALIZED_AUTOS = YES_AGGRESSIVE;
				GCC_WARN_UNUSED_FUNCTION = YES;
				GCC_WARN_UNUSED_VARIABLE = YES;
				IPHONEOS_DEPLOYMENT_TARGET = 10.3;
				MTL_ENABLE_DEBUG_INFO = NO;
				SDKROOT = iphoneos;
				SWIFT_OPTIMIZATION_LEVEL = "-Owholemodule";
				VALIDATE_PRODUCT = YES;
			};
			name = Release;
		};
		D2677A611F5673A500F6F1D9 /* Debug */ = {
			isa = XCBuildConfiguration;
			baseConfigurationReference = A49043F9E156B131F49F3E22 /* Pods-TwitSplitApp.debug.xcconfig */;
			buildSettings = {
				ASSETCATALOG_COMPILER_APPICON_NAME = AppIcon;
				DEVELOPMENT_TEAM = U2P69NR7Z3;
				INFOPLIST_FILE = TwitSplitApp/Info.plist;
				IPHONEOS_DEPLOYMENT_TARGET = 9.1;
				LD_RUNPATH_SEARCH_PATHS = "$(inherited) @executable_path/Frameworks";
				PRODUCT_BUNDLE_IDENTIFIER = uan.mai.TwitSplitApp;
				PRODUCT_NAME = "$(TARGET_NAME)";
				SWIFT_VERSION = 3.0;
			};
			name = Debug;
		};
		D2677A621F5673A500F6F1D9 /* Release */ = {
			isa = XCBuildConfiguration;
			baseConfigurationReference = 604EEB1E5A61C37EB79165E1 /* Pods-TwitSplitApp.release.xcconfig */;
			buildSettings = {
				ASSETCATALOG_COMPILER_APPICON_NAME = AppIcon;
				DEVELOPMENT_TEAM = U2P69NR7Z3;
				INFOPLIST_FILE = TwitSplitApp/Info.plist;
				IPHONEOS_DEPLOYMENT_TARGET = 9.1;
				LD_RUNPATH_SEARCH_PATHS = "$(inherited) @executable_path/Frameworks";
				PRODUCT_BUNDLE_IDENTIFIER = uan.mai.TwitSplitApp;
				PRODUCT_NAME = "$(TARGET_NAME)";
				SWIFT_VERSION = 3.0;
			};
			name = Release;
		};
		D2677A641F5673A500F6F1D9 /* Debug */ = {
			isa = XCBuildConfiguration;
			baseConfigurationReference = 795A5568538269B7FDA6576E /* Pods-TwitSplitAppTests.debug.xcconfig */;
			buildSettings = {
				ALWAYS_EMBED_SWIFT_STANDARD_LIBRARIES = YES;
				BUNDLE_LOADER = "$(TEST_HOST)";
				DEVELOPMENT_TEAM = U2P69NR7Z3;
				INFOPLIST_FILE = TwitSplitAppTests/Info.plist;
				LD_RUNPATH_SEARCH_PATHS = "$(inherited) @executable_path/Frameworks @loader_path/Frameworks";
				PRODUCT_BUNDLE_IDENTIFIER = uan.mai.TwitSplitAppTests;
				PRODUCT_NAME = "$(TARGET_NAME)";
				SWIFT_VERSION = 3.0;
				TEST_HOST = "$(BUILT_PRODUCTS_DIR)/TwitSplitApp.app/TwitSplitApp";
			};
			name = Debug;
		};
		D2677A651F5673A500F6F1D9 /* Release */ = {
			isa = XCBuildConfiguration;
			baseConfigurationReference = 5D7432A1058EABB5F6479874 /* Pods-TwitSplitAppTests.release.xcconfig */;
			buildSettings = {
				ALWAYS_EMBED_SWIFT_STANDARD_LIBRARIES = YES;
				BUNDLE_LOADER = "$(TEST_HOST)";
				DEVELOPMENT_TEAM = U2P69NR7Z3;
				INFOPLIST_FILE = TwitSplitAppTests/Info.plist;
				LD_RUNPATH_SEARCH_PATHS = "$(inherited) @executable_path/Frameworks @loader_path/Frameworks";
				PRODUCT_BUNDLE_IDENTIFIER = uan.mai.TwitSplitAppTests;
				PRODUCT_NAME = "$(TARGET_NAME)";
				SWIFT_VERSION = 3.0;
				TEST_HOST = "$(BUILT_PRODUCTS_DIR)/TwitSplitApp.app/TwitSplitApp";
			};
			name = Release;
		};
/* End XCBuildConfiguration section */

/* Begin XCConfigurationList section */
		D2677A3E1F5673A500F6F1D9 /* Build configuration list for PBXProject "TwitSplitApp" */ = {
			isa = XCConfigurationList;
			buildConfigurations = (
				D2677A5E1F5673A500F6F1D9 /* Debug */,
				D2677A5F1F5673A500F6F1D9 /* Release */,
			);
			defaultConfigurationIsVisible = 0;
			defaultConfigurationName = Release;
		};
		D2677A601F5673A500F6F1D9 /* Build configuration list for PBXNativeTarget "TwitSplitApp" */ = {
			isa = XCConfigurationList;
			buildConfigurations = (
				D2677A611F5673A500F6F1D9 /* Debug */,
				D2677A621F5673A500F6F1D9 /* Release */,
			);
			defaultConfigurationIsVisible = 0;
			defaultConfigurationName = Release;
		};
		D2677A631F5673A500F6F1D9 /* Build configuration list for PBXNativeTarget "TwitSplitAppTests" */ = {
			isa = XCConfigurationList;
			buildConfigurations = (
				D2677A641F5673A500F6F1D9 /* Debug */,
				D2677A651F5673A500F6F1D9 /* Release */,
			);
			defaultConfigurationIsVisible = 0;
			defaultConfigurationName = Release;
		};
/* End XCConfigurationList section */
	};
	rootObject = D2677A3B1F5673A500F6F1D9 /* Project object */;
}
